// !$*UTF8*$!
{
	archiveVersion = 1;
	classes = {
	};
	objectVersion = 46;
	objects = {

/* Begin PBXBuildFile section */
		E70F62EF1BADA5F0001DCC63 /* main.m in Sources */ = {isa = PBXBuildFile; fileRef = E70F62EE1BADA5F0001DCC63 /* main.m */; };
		E70F62F21BADA5F0001DCC63 /* AppDelegate.m in Sources */ = {isa = PBXBuildFile; fileRef = E70F62F11BADA5F0001DCC63 /* AppDelegate.m */; };
		E70F62FA1BADA5F0001DCC63 /* Images.xcassets in Resources */ = {isa = PBXBuildFile; fileRef = E70F62F91BADA5F0001DCC63 /* Images.xcassets */; };
		E70F63091BADA5F0001DCC63 /* ZNLevelMenuDemoTests.m in Sources */ = {isa = PBXBuildFile; fileRef = E70F63081BADA5F0001DCC63 /* ZNLevelMenuDemoTests.m */; };
		E70F63281BADA95A001DCC63 /* ZNViewController.m in Sources */ = {isa = PBXBuildFile; fileRef = E70F63271BADA95A001DCC63 /* ZNViewController.m */; };
		E70F632F1BADAA1B001DCC63 /* ZNLeftNavView.m in Sources */ = {isa = PBXBuildFile; fileRef = E70F632E1BADAA1B001DCC63 /* ZNLeftNavView.m */; };
		E70F63321BADAA2D001DCC63 /* ZNRightResultView.m in Sources */ = {isa = PBXBuildFile; fileRef = E70F63311BADAA2D001DCC63 /* ZNRightResultView.m */; };
		E70F63381BADAB0A001DCC63 /* MenuNavCell.m in Sources */ = {isa = PBXBuildFile; fileRef = E70F63371BADAB0A001DCC63 /* MenuNavCell.m */; };
		E70F633B1BADAB22001DCC63 /* MenuResultCell.m in Sources */ = {isa = PBXBuildFile; fileRef = E70F633A1BADAB22001DCC63 /* MenuResultCell.m */; };
		E77950B31BAE570C00394B88 /* DataPlist.plist in Resources */ = {isa = PBXBuildFile; fileRef = E77950B21BAE570C00394B88 /* DataPlist.plist */; };
		E77950D11BAE5E5D00394B88 /* mian_01.png in Resources */ = {isa = PBXBuildFile; fileRef = E77950B51BAE5E5C00394B88 /* mian_01.png */; };
		E77950D21BAE5E5D00394B88 /* mian_02.png in Resources */ = {isa = PBXBuildFile; fileRef = E77950B61BAE5E5D00394B88 /* mian_02.png */; };
		E77950D31BAE5E5D00394B88 /* mian_03.png in Resources */ = {isa = PBXBuildFile; fileRef = E77950B71BAE5E5D00394B88 /* mian_03.png */; };
		E77950D41BAE5E5D00394B88 /* mian_04.png in Resources */ = {isa = PBXBuildFile; fileRef = E77950B81BAE5E5D00394B88 /* mian_04.png */; };
		E77950D51BAE5E5D00394B88 /* mian_05.png in Resources */ = {isa = PBXBuildFile; fileRef = E77950B91BAE5E5D00394B88 /* mian_05.png */; };
		E77950D61BAE5E5D00394B88 /* mifan_01.png in Resources */ = {isa = PBXBuildFile; fileRef = E77950BA1BAE5E5D00394B88 /* mifan_01.png */; };
		E77950D71BAE5E5D00394B88 /* mifan_02.png in Resources */ = {isa = PBXBuildFile; fileRef = E77950BB1BAE5E5D00394B88 /* mifan_02.png */; };
		E77950D81BAE5E5D00394B88 /* mifan_03.png in Resources */ = {isa = PBXBuildFile; fileRef = E77950BC1BAE5E5D00394B88 /* mifan_03.png */; };
		E77950D91BAE5E5D00394B88 /* mifan_04.png in Resources */ = {isa = PBXBuildFile; fileRef = E77950BD1BAE5E5D00394B88 /* mifan_04.png */; };
		E77950DA1BAE5E5D00394B88 /* mifan_05.png in Resources */ = {isa = PBXBuildFile; fileRef = E77950BE1BAE5E5D00394B88 /* mifan_05.png */; };
		E77950DB1BAE5E5D00394B88 /* mifan_06.png in Resources */ = {isa = PBXBuildFile; fileRef = E77950BF1BAE5E5D00394B88 /* mifan_06.png */; };
		E77950DC1BAE5E5D00394B88 /* mifan_07.png in Resources */ = {isa = PBXBuildFile; fileRef = E77950C01BAE5E5D00394B88 /* mifan_07.png */; };
		E77950DD1BAE5E5D00394B88 /* pizza_01.png in Resources */ = {isa = PBXBuildFile; fileRef = E77950C11BAE5E5D00394B88 /* pizza_01.png */; };
		E77950DE1BAE5E5D00394B88 /* pizza_02.png in Resources */ = {isa = PBXBuildFile; fileRef = E77950C21BAE5E5D00394B88 /* pizza_02.png */; };
		E77950DF1BAE5E5D00394B88 /* pizza_03.png in Resources */ = {isa = PBXBuildFile; fileRef = E77950C31BAE5E5D00394B88 /* pizza_03.png */; };
		E77950E01BAE5E5D00394B88 /* pizza_04.png in Resources */ = {isa = PBXBuildFile; fileRef = E77950C41BAE5E5D00394B88 /* pizza_04.png */; };
		E77950E11BAE5E5D00394B88 /* pizza_05.png in Resources */ = {isa = PBXBuildFile; fileRef = E77950C51BAE5E5D00394B88 /* pizza_05.png */; };
		E77950E21BAE5E5D00394B88 /* pizza_06.png in Resources */ = {isa = PBXBuildFile; fileRef = E77950C61BAE5E5D00394B88 /* pizza_06.png */; };
		E77950E31BAE5E5D00394B88 /* pizza_07.png in Resources */ = {isa = PBXBuildFile; fileRef = E77950C71BAE5E5D00394B88 /* pizza_07.png */; };
		E77950E41BAE5E5D00394B88 /* pizza_08.png in Resources */ = {isa = PBXBuildFile; fileRef = E77950C81BAE5E5D00394B88 /* pizza_08.png */; };
		E77950E61BAE5E5D00394B88 /* xiaoshi_01.png in Resources */ = {isa = PBXBuildFile; fileRef = E77950CA1BAE5E5D00394B88 /* xiaoshi_01.png */; };
		E77950E71BAE5E5D00394B88 /* xiaoshi_02.png in Resources */ = {isa = PBXBuildFile; fileRef = E77950CB1BAE5E5D00394B88 /* xiaoshi_02.png */; };
		E77950E81BAE5E5D00394B88 /* xiaoshi_03.png in Resources */ = {isa = PBXBuildFile; fileRef = E77950CC1BAE5E5D00394B88 /* xiaoshi_03.png */; };
		E77950E91BAE5E5D00394B88 /* xiaoshi_04.png in Resources */ = {isa = PBXBuildFile; fileRef = E77950CD1BAE5E5D00394B88 /* xiaoshi_04.png */; };
		E77950EA1BAE5E5D00394B88 /* xiaoshi_05.png in Resources */ = {isa = PBXBuildFile; fileRef = E77950CE1BAE5E5D00394B88 /* xiaoshi_05.png */; };
		E77950EB1BAE5E5D00394B88 /* xiaoshi_06.png in Resources */ = {isa = PBXBuildFile; fileRef = E77950CF1BAE5E5D00394B88 /* xiaoshi_06.png */; };
		E77950EC1BAE5E5D00394B88 /* xiaoshi_07.png in Resources */ = {isa = PBXBuildFile; fileRef = E77950D01BAE5E5D00394B88 /* xiaoshi_07.png */; };
		E77950EF1BAE6A9300394B88 /* DataModel.m in Sources */ = {isa = PBXBuildFile; fileRef = E77950EE1BAE6A9300394B88 /* DataModel.m */; };
		E77950F31BAEDF2300394B88 /* addImage@2x.png in Resources */ = {isa = PBXBuildFile; fileRef = E77950F01BAEDF2300394B88 /* addImage@2x.png */; };
		E77950F41BAEDF2300394B88 /* minusImage@2x.png in Resources */ = {isa = PBXBuildFile; fileRef = E77950F11BAEDF2300394B88 /* minusImage@2x.png */; };
		E77950F51BAEDF2300394B88 /* shoppingCart@2x.png in Resources */ = {isa = PBXBuildFile; fileRef = E77950F21BAEDF2300394B88 /* shoppingCart@2x.png */; };
/* End PBXBuildFile section */

/* Begin PBXContainerItemProxy section */
		E70F63031BADA5F0001DCC63 /* PBXContainerItemProxy */ = {
			isa = PBXContainerItemProxy;
			containerPortal = E70F62E11BADA5F0001DCC63 /* Project object */;
			proxyType = 1;
			remoteGlobalIDString = E70F62E81BADA5F0001DCC63;
			remoteInfo = ZNLevelMenuDemo;
		};
/* End PBXContainerItemProxy section */

/* Begin PBXFileReference section */
		E70F62E91BADA5F0001DCC63 /* ZNLevelMenuDemo.app */ = {isa = PBXFileReference; explicitFileType = wrapper.application; includeInIndex = 0; path = ZNLevelMenuDemo.app; sourceTree = BUILT_PRODUCTS_DIR; };
		E70F62ED1BADA5F0001DCC63 /* Info.plist */ = {isa = PBXFileReference; lastKnownFileType = text.plist.xml; path = Info.plist; sourceTree = "<group>"; };
		E70F62EE1BADA5F0001DCC63 /* main.m */ = {isa = PBXFileReference; lastKnownFileType = sourcecode.c.objc; path = main.m; sourceTree = "<group>"; };
		E70F62F01BADA5F0001DCC63 /* AppDelegate.h */ = {isa = PBXFileReference; lastKnownFileType = sourcecode.c.h; path = AppDelegate.h; sourceTree = "<group>"; };
		E70F62F11BADA5F0001DCC63 /* AppDelegate.m */ = {isa = PBXFileReference; lastKnownFileType = sourcecode.c.objc; path = AppDelegate.m; sourceTree = "<group>"; };
		E70F62F91BADA5F0001DCC63 /* Images.xcassets */ = {isa = PBXFileReference; lastKnownFileType = folder.assetcatalog; path = Images.xcassets; sourceTree = "<group>"; };
		E70F63021BADA5F0001DCC63 /* ZNLevelMenuDemoTests.xctest */ = {isa = PBXFileReference; explicitFileType = wrapper.cfbundle; includeInIndex = 0; path = ZNLevelMenuDemoTests.xctest; sourceTree = BUILT_PRODUCTS_DIR; };
		E70F63071BADA5F0001DCC63 /* Info.plist */ = {isa = PBXFileReference; lastKnownFileType = text.plist.xml; path = Info.plist; sourceTree = "<group>"; };
		E70F63081BADA5F0001DCC63 /* ZNLevelMenuDemoTests.m */ = {isa = PBXFileReference; lastKnownFileType = sourcecode.c.objc; path = ZNLevelMenuDemoTests.m; sourceTree = "<group>"; };
		E70F63261BADA95A001DCC63 /* ZNViewController.h */ = {isa = PBXFileReference; fileEncoding = 4; lastKnownFileType = sourcecode.c.h; name = ZNViewController.h; path = Controller/ZNViewController.h; sourceTree = "<group>"; };
		E70F63271BADA95A001DCC63 /* ZNViewController.m */ = {isa = PBXFileReference; fileEncoding = 4; lastKnownFileType = sourcecode.c.objc; name = ZNViewController.m; path = Controller/ZNViewController.m; sourceTree = "<group>"; };
		E70F632D1BADAA1B001DCC63 /* ZNLeftNavView.h */ = {isa = PBXFileReference; fileEncoding = 4; lastKnownFileType = sourcecode.c.h; name = ZNLeftNavView.h; path = View/LeftNavView/ZNLeftNavView.h; sourceTree = "<group>"; };
		E70F632E1BADAA1B001DCC63 /* ZNLeftNavView.m */ = {isa = PBXFileReference; fileEncoding = 4; lastKnownFileType = sourcecode.c.objc; name = ZNLeftNavView.m; path = View/LeftNavView/ZNLeftNavView.m; sourceTree = "<group>"; };
		E70F63301BADAA2D001DCC63 /* ZNRightResultView.h */ = {isa = PBXFileReference; fileEncoding = 4; lastKnownFileType = sourcecode.c.h; name = ZNRightResultView.h; path = View/RightResultView/ZNRightResultView.h; sourceTree = "<group>"; };
		E70F63311BADAA2D001DCC63 /* ZNRightResultView.m */ = {isa = PBXFileReference; fileEncoding = 4; lastKnownFileType = sourcecode.c.objc; name = ZNRightResultView.m; path = View/RightResultView/ZNRightResultView.m; sourceTree = "<group>"; };
		E70F63361BADAB0A001DCC63 /* MenuNavCell.h */ = {isa = PBXFileReference; fileEncoding = 4; lastKnownFileType = sourcecode.c.h; name = MenuNavCell.h; path = View/LeftNavView/MenuNavCell.h; sourceTree = "<group>"; };
		E70F63371BADAB0A001DCC63 /* MenuNavCell.m */ = {isa = PBXFileReference; fileEncoding = 4; lastKnownFileType = sourcecode.c.objc; name = MenuNavCell.m; path = View/LeftNavView/MenuNavCell.m; sourceTree = "<group>"; };
		E70F63391BADAB22001DCC63 /* MenuResultCell.h */ = {isa = PBXFileReference; fileEncoding = 4; lastKnownFileType = sourcecode.c.h; name = MenuResultCell.h; path = View/RightResultView/MenuResultCell.h; sourceTree = "<group>"; };
		E70F633A1BADAB22001DCC63 /* MenuResultCell.m */ = {isa = PBXFileReference; fileEncoding = 4; lastKnownFileType = sourcecode.c.objc; name = MenuResultCell.m; path = View/RightResultView/MenuResultCell.m; sourceTree = "<group>"; };
		E77950B11BAE2BC300394B88 /* Header.h */ = {isa = PBXFileReference; lastKnownFileType = sourcecode.c.h; name = Header.h; path = ../Header.h; sourceTree = "<group>"; };
		E77950B21BAE570C00394B88 /* DataPlist.plist */ = {isa = PBXFileReference; fileEncoding = 4; lastKnownFileType = text.plist.xml; path = DataPlist.plist; sourceTree = "<group>"; };
		E77950B51BAE5E5C00394B88 /* mian_01.png */ = {isa = PBXFileReference; lastKnownFileType = image.png; name = mian_01.png; path = Resource/mian_01.png; sourceTree = "<group>"; };
		E77950B61BAE5E5D00394B88 /* mian_02.png */ = {isa = PBXFileReference; lastKnownFileType = image.png; name = mian_02.png; path = Resource/mian_02.png; sourceTree = "<group>"; };
		E77950B71BAE5E5D00394B88 /* mian_03.png */ = {isa = PBXFileReference; lastKnownFileType = image.png; name = mian_03.png; path = Resource/mian_03.png; sourceTree = "<group>"; };
		E77950B81BAE5E5D00394B88 /* mian_04.png */ = {isa = PBXFileReference; lastKnownFileType = image.png; name = mian_04.png; path = Resource/mian_04.png; sourceTree = "<group>"; };
		E77950B91BAE5E5D00394B88 /* mian_05.png */ = {isa = PBXFileReference; lastKnownFileType = image.png; name = mian_05.png; path = Resource/mian_05.png; sourceTree = "<group>"; };
		E77950BA1BAE5E5D00394B88 /* mifan_01.png */ = {isa = PBXFileReference; lastKnownFileType = image.png; name = mifan_01.png; path = Resource/mifan_01.png; sourceTree = "<group>"; };
		E77950BB1BAE5E5D00394B88 /* mifan_02.png */ = {isa = PBXFileReference; lastKnownFileType = image.png; name = mifan_02.png; path = Resource/mifan_02.png; sourceTree = "<group>"; };
		E77950BC1BAE5E5D00394B88 /* mifan_03.png */ = {isa = PBXFileReference; lastKnownFileType = image.png; name = mifan_03.png; path = Resource/mifan_03.png; sourceTree = "<group>"; };
		E77950BD1BAE5E5D00394B88 /* mifan_04.png */ = {isa = PBXFileReference; lastKnownFileType = image.png; name = mifan_04.png; path = Resource/mifan_04.png; sourceTree = "<group>"; };
		E77950BE1BAE5E5D00394B88 /* mifan_05.png */ = {isa = PBXFileReference; lastKnownFileType = image.png; name = mifan_05.png; path = Resource/mifan_05.png; sourceTree = "<group>"; };
		E77950BF1BAE5E5D00394B88 /* mifan_06.png */ = {isa = PBXFileReference; lastKnownFileType = image.png; name = mifan_06.png; path = Resource/mifan_06.png; sourceTree = "<group>"; };
		E77950C01BAE5E5D00394B88 /* mifan_07.png */ = {isa = PBXFileReference; lastKnownFileType = image.png; name = mifan_07.png; path = Resource/mifan_07.png; sourceTree = "<group>"; };
		E77950C11BAE5E5D00394B88 /* pizza_01.png */ = {isa = PBXFileReference; lastKnownFileType = image.png; name = pizza_01.png; path = Resource/pizza_01.png; sourceTree = "<group>"; };
		E77950C21BAE5E5D00394B88 /* pizza_02.png */ = {isa = PBXFileReference; lastKnownFileType = image.png; name = pizza_02.png; path = Resource/pizza_02.png; sourceTree = "<group>"; };
		E77950C31BAE5E5D00394B88 /* pizza_03.png */ = {isa = PBXFileReference; lastKnownFileType = image.png; name = pizza_03.png; path = Resource/pizza_03.png; sourceTree = "<group>"; };
		E77950C41BAE5E5D00394B88 /* pizza_04.png */ = {isa = PBXFileReference; lastKnownFileType = image.png; name = pizza_04.png; path = Resource/pizza_04.png; sourceTree = "<group>"; };
		E77950C51BAE5E5D00394B88 /* pizza_05.png */ = {isa = PBXFileReference; lastKnownFileType = image.png; name = pizza_05.png; path = Resource/pizza_05.png; sourceTree = "<group>"; };
		E77950C61BAE5E5D00394B88 /* pizza_06.png */ = {isa = PBXFileReference; lastKnownFileType = image.png; name = pizza_06.png; path = Resource/pizza_06.png; sourceTree = "<group>"; };
		E77950C71BAE5E5D00394B88 /* pizza_07.png */ = {isa = PBXFileReference; lastKnownFileType = image.png; name = pizza_07.png; path = Resource/pizza_07.png; sourceTree = "<group>"; };
		E77950C81BAE5E5D00394B88 /* pizza_08.png */ = {isa = PBXFileReference; lastKnownFileType = image.png; name = pizza_08.png; path = Resource/pizza_08.png; sourceTree = "<group>"; };
		E77950CA1BAE5E5D00394B88 /* xiaoshi_01.png */ = {isa = PBXFileReference; lastKnownFileType = image.png; name = xiaoshi_01.png; path = Resource/xiaoshi_01.png; sourceTree = "<group>"; };
		E77950CB1BAE5E5D00394B88 /* xiaoshi_02.png */ = {isa = PBXFileReference; lastKnownFileType = image.png; name = xiaoshi_02.png; path = Resource/xiaoshi_02.png; sourceTree = "<group>"; };
		E77950CC1BAE5E5D00394B88 /* xiaoshi_03.png */ = {isa = PBXFileReference; lastKnownFileType = image.png; name = xiaoshi_03.png; path = Resource/xiaoshi_03.png; sourceTree = "<group>"; };
		E77950CD1BAE5E5D00394B88 /* xiaoshi_04.png */ = {isa = PBXFileReference; lastKnownFileType = image.png; name = xiaoshi_04.png; path = Resource/xiaoshi_04.png; sourceTree = "<group>"; };
		E77950CE1BAE5E5D00394B88 /* xiaoshi_05.png */ = {isa = PBXFileReference; lastKnownFileType = image.png; name = xiaoshi_05.png; path = Resource/xiaoshi_05.png; sourceTree = "<group>"; };
		E77950CF1BAE5E5D00394B88 /* xiaoshi_06.png */ = {isa = PBXFileReference; lastKnownFileType = image.png; name = xiaoshi_06.png; path = Resource/xiaoshi_06.png; sourceTree = "<group>"; };
		E77950D01BAE5E5D00394B88 /* xiaoshi_07.png */ = {isa = PBXFileReference; lastKnownFileType = image.png; name = xiaoshi_07.png; path = Resource/xiaoshi_07.png; sourceTree = "<group>"; };
		E77950ED1BAE6A9300394B88 /* DataModel.h */ = {isa = PBXFileReference; fileEncoding = 4; lastKnownFileType = sourcecode.c.h; name = DataModel.h; path = Model/DataModel.h; sourceTree = "<group>"; };
		E77950EE1BAE6A9300394B88 /* DataModel.m */ = {isa = PBXFileReference; fileEncoding = 4; lastKnownFileType = sourcecode.c.objc; name = DataModel.m; path = Model/DataModel.m; sourceTree = "<group>"; };
		E77950F01BAEDF2300394B88 /* addImage@2x.png */ = {isa = PBXFileReference; lastKnownFileType = image.png; name = "addImage@2x.png"; path = "Resource/addImage@2x.png"; sourceTree = "<group>"; };
		E77950F11BAEDF2300394B88 /* minusImage@2x.png */ = {isa = PBXFileReference; lastKnownFileType = image.png; name = "minusImage@2x.png"; path = "Resource/minusImage@2x.png"; sourceTree = "<group>"; };
		E77950F21BAEDF2300394B88 /* shoppingCart@2x.png */ = {isa = PBXFileReference; lastKnownFileType = image.png; name = "shoppingCart@2x.png"; path = "Resource/shoppingCart@2x.png"; sourceTree = "<group>"; };
/* End PBXFileReference section */

/* Begin PBXFrameworksBuildPhase section */
		E70F62E61BADA5F0001DCC63 /* Frameworks */ = {
			isa = PBXFrameworksBuildPhase;
			buildActionMask = 2147483647;
			files = (
			);
			runOnlyForDeploymentPostprocessing = 0;
		};
		E70F62FF1BADA5F0001DCC63 /* Frameworks */ = {
			isa = PBXFrameworksBuildPhase;
			buildActionMask = 2147483647;
			files = (
			);
			runOnlyForDeploymentPostprocessing = 0;
		};
/* End PBXFrameworksBuildPhase section */

/* Begin PBXGroup section */
		E70F62E01BADA5F0001DCC63 = {
			isa = PBXGroup;
			children = (
				E70F62EB1BADA5F0001DCC63 /* ZNLevelMenuDemo */,
				E70F63051BADA5F0001DCC63 /* ZNLevelMenuDemoTests */,
				E70F62EA1BADA5F0001DCC63 /* Products */,
			);
			sourceTree = "<group>";
		};
		E70F62EA1BADA5F0001DCC63 /* Products */ = {
			isa = PBXGroup;
			children = (
				E70F62E91BADA5F0001DCC63 /* ZNLevelMenuDemo.app */,
				E70F63021BADA5F0001DCC63 /* ZNLevelMenuDemoTests.xctest */,
			);
			name = Products;
			sourceTree = "<group>";
		};
		E70F62EB1BADA5F0001DCC63 /* ZNLevelMenuDemo */ = {
			isa = PBXGroup;
			children = (
				E77950B41BAE5E4E00394B88 /* Resource */,
				E70F632A1BADA963001DCC63 /* View */,
				E70F63291BADA95E001DCC63 /* Model */,
				E70F63251BADA94E001DCC63 /* Controller */,
				E77950B11BAE2BC300394B88 /* Header.h */,
				E70F62F01BADA5F0001DCC63 /* AppDelegate.h */,
				E70F62F11BADA5F0001DCC63 /* AppDelegate.m */,
				E70F62F91BADA5F0001DCC63 /* Images.xcassets */,
				E70F62EC1BADA5F0001DCC63 /* Supporting Files */,
			);
			path = ZNLevelMenuDemo;
			sourceTree = "<group>";
		};
		E70F62EC1BADA5F0001DCC63 /* Supporting Files */ = {
			isa = PBXGroup;
			children = (
				E70F62ED1BADA5F0001DCC63 /* Info.plist */,
				E70F62EE1BADA5F0001DCC63 /* main.m */,
			);
			name = "Supporting Files";
			sourceTree = "<group>";
		};
		E70F63051BADA5F0001DCC63 /* ZNLevelMenuDemoTests */ = {
			isa = PBXGroup;
			children = (
				E70F63081BADA5F0001DCC63 /* ZNLevelMenuDemoTests.m */,
				E70F63061BADA5F0001DCC63 /* Supporting Files */,
			);
			path = ZNLevelMenuDemoTests;
			sourceTree = "<group>";
		};
		E70F63061BADA5F0001DCC63 /* Supporting Files */ = {
			isa = PBXGroup;
			children = (
				E70F63071BADA5F0001DCC63 /* Info.plist */,
			);
			name = "Supporting Files";
			sourceTree = "<group>";
		};
		E70F63251BADA94E001DCC63 /* Controller */ = {
			isa = PBXGroup;
			children = (
				E70F63261BADA95A001DCC63 /* ZNViewController.h */,
				E70F63271BADA95A001DCC63 /* ZNViewController.m */,
				E77950B21BAE570C00394B88 /* DataPlist.plist */,
			);
			name = Controller;
			sourceTree = "<group>";
		};
		E70F63291BADA95E001DCC63 /* Model */ = {
			isa = PBXGroup;
			children = (
				E77950ED1BAE6A9300394B88 /* DataModel.h */,
				E77950EE1BAE6A9300394B88 /* DataModel.m */,
			);
			name = Model;
			sourceTree = "<group>";
		};
		E70F632A1BADA963001DCC63 /* View */ = {
			isa = PBXGroup;
			children = (
				E70F632C1BADA9A3001DCC63 /* LeftNavView */,
				E70F632B1BADA98D001DCC63 /* RightResultView */,
			);
			name = View;
			sourceTree = "<group>";
		};
		E70F632B1BADA98D001DCC63 /* RightResultView */ = {
			isa = PBXGroup;
			children = (
				E70F63391BADAB22001DCC63 /* MenuResultCell.h */,
				E70F633A1BADAB22001DCC63 /* MenuResultCell.m */,
				E70F63301BADAA2D001DCC63 /* ZNRightResultView.h */,
				E70F63311BADAA2D001DCC63 /* ZNRightResultView.m */,
			);
			name = RightResultView;
			sourceTree = "<group>";
		};
		E70F632C1BADA9A3001DCC63 /* LeftNavView */ = {
			isa = PBXGroup;
			children = (
				E70F63361BADAB0A001DCC63 /* MenuNavCell.h */,
				E70F63371BADAB0A001DCC63 /* MenuNavCell.m */,
				E70F632D1BADAA1B001DCC63 /* ZNLeftNavView.h */,
				E70F632E1BADAA1B001DCC63 /* ZNLeftNavView.m */,
			);
			name = LeftNavView;
			sourceTree = "<group>";
		};
		E77950B41BAE5E4E00394B88 /* Resource */ = {
			isa = PBXGroup;
			children = (
				E77950F01BAEDF2300394B88 /* addImage@2x.png */,
				E77950F11BAEDF2300394B88 /* minusImage@2x.png */,
				E77950F21BAEDF2300394B88 /* shoppingCart@2x.png */,
				E77950B51BAE5E5C00394B88 /* mian_01.png */,
				E77950B61BAE5E5D00394B88 /* mian_02.png */,
				E77950B71BAE5E5D00394B88 /* mian_03.png */,
				E77950B81BAE5E5D00394B88 /* mian_04.png */,
				E77950B91BAE5E5D00394B88 /* mian_05.png */,
				E77950BA1BAE5E5D00394B88 /* mifan_01.png */,
				E77950BB1BAE5E5D00394B88 /* mifan_02.png */,
				E77950BC1BAE5E5D00394B88 /* mifan_03.png */,
				E77950BD1BAE5E5D00394B88 /* mifan_04.png */,
				E77950BE1BAE5E5D00394B88 /* mifan_05.png */,
				E77950BF1BAE5E5D00394B88 /* mifan_06.png */,
				E77950C01BAE5E5D00394B88 /* mifan_07.png */,
				E77950C11BAE5E5D00394B88 /* pizza_01.png */,
				E77950C21BAE5E5D00394B88 /* pizza_02.png */,
				E77950C31BAE5E5D00394B88 /* pizza_03.png */,
				E77950C41BAE5E5D00394B88 /* pizza_04.png */,
				E77950C51BAE5E5D00394B88 /* pizza_05.png */,
				E77950C61BAE5E5D00394B88 /* pizza_06.png */,
				E77950C71BAE5E5D00394B88 /* pizza_07.png */,
				E77950C81BAE5E5D00394B88 /* pizza_08.png */,
				E77950CA1BAE5E5D00394B88 /* xiaoshi_01.png */,
				E77950CB1BAE5E5D00394B88 /* xiaoshi_02.png */,
				E77950CC1BAE5E5D00394B88 /* xiaoshi_03.png */,
				E77950CD1BAE5E5D00394B88 /* xiaoshi_04.png */,
				E77950CE1BAE5E5D00394B88 /* xiaoshi_05.png */,
				E77950CF1BAE5E5D00394B88 /* xiaoshi_06.png */,
				E77950D01BAE5E5D00394B88 /* xiaoshi_07.png */,
			);
			name = Resource;
			sourceTree = "<group>";
		};
/* End PBXGroup section */

/* Begin PBXNativeTarget section */
		E70F62E81BADA5F0001DCC63 /* ZNLevelMenuDemo */ = {
			isa = PBXNativeTarget;
			buildConfigurationList = E70F630C1BADA5F0001DCC63 /* Build configuration list for PBXNativeTarget "ZNLevelMenuDemo" */;
			buildPhases = (
				E70F62E51BADA5F0001DCC63 /* Sources */,
				E70F62E61BADA5F0001DCC63 /* Frameworks */,
				E70F62E71BADA5F0001DCC63 /* Resources */,
			);
			buildRules = (
			);
			dependencies = (
			);
			name = ZNLevelMenuDemo;
			productName = ZNLevelMenuDemo;
			productReference = E70F62E91BADA5F0001DCC63 /* ZNLevelMenuDemo.app */;
			productType = "com.apple.product-type.application";
		};
		E70F63011BADA5F0001DCC63 /* ZNLevelMenuDemoTests */ = {
			isa = PBXNativeTarget;
			buildConfigurationList = E70F630F1BADA5F0001DCC63 /* Build configuration list for PBXNativeTarget "ZNLevelMenuDemoTests" */;
			buildPhases = (
				E70F62FE1BADA5F0001DCC63 /* Sources */,
				E70F62FF1BADA5F0001DCC63 /* Frameworks */,
				E70F63001BADA5F0001DCC63 /* Resources */,
			);
			buildRules = (
			);
			dependencies = (
				E70F63041BADA5F0001DCC63 /* PBXTargetDependency */,
			);
			name = ZNLevelMenuDemoTests;
			productName = ZNLevelMenuDemoTests;
			productReference = E70F63021BADA5F0001DCC63 /* ZNLevelMenuDemoTests.xctest */;
			productType = "com.apple.product-type.bundle.unit-test";
		};
/* End PBXNativeTarget section */

/* Begin PBXProject section */
		E70F62E11BADA5F0001DCC63 /* Project object */ = {
			isa = PBXProject;
			attributes = {
				LastUpgradeCheck = 0640;
				ORGANIZATIONNAME = Alan;
				TargetAttributes = {
					E70F62E81BADA5F0001DCC63 = {
						CreatedOnToolsVersion = 6.4;
					};
					E70F63011BADA5F0001DCC63 = {
						CreatedOnToolsVersion = 6.4;
						TestTargetID = E70F62E81BADA5F0001DCC63;
					};
				};
			};
			buildConfigurationList = E70F62E41BADA5F0001DCC63 /* Build configuration list for PBXProject "ZNLevelMenuDemo" */;
			compatibilityVersion = "Xcode 3.2";
			developmentRegion = English;
			hasScannedForEncodings = 0;
			knownRegions = (
				en,
				Base,
			);
			mainGroup = E70F62E01BADA5F0001DCC63;
			productRefGroup = E70F62EA1BADA5F0001DCC63 /* Products */;
			projectDirPath = "";
			projectRoot = "";
			targets = (
				E70F62E81BADA5F0001DCC63 /* ZNLevelMenuDemo */,
				E70F63011BADA5F0001DCC63 /* ZNLevelMenuDemoTests */,
			);
		};
/* End PBXProject section */

/* Begin PBXResourcesBuildPhase section */
		E70F62E71BADA5F0001DCC63 /* Resources */ = {
			isa = PBXResourcesBuildPhase;
			buildActionMask = 2147483647;
			files = (
				E77950E01BAE5E5D00394B88 /* pizza_04.png in Resources */,
				E77950D21BAE5E5D00394B88 /* mian_02.png in Resources */,
				E77950F51BAEDF2300394B88 /* shoppingCart@2x.png in Resources */,
				E77950EA1BAE5E5D00394B88 /* xiaoshi_05.png in Resources */,
				E77950E91BAE5E5D00394B88 /* xiaoshi_04.png in Resources */,
				E77950E81BAE5E5D00394B88 /* xiaoshi_03.png in Resources */,
				E77950E41BAE5E5D00394B88 /* pizza_08.png in Resources */,
				E77950D31BAE5E5D00394B88 /* mian_03.png in Resources */,
				E77950DB1BAE5E5D00394B88 /* mifan_06.png in Resources */,
				E77950DF1BAE5E5D00394B88 /* pizza_03.png in Resources */,
				E77950EB1BAE5E5D00394B88 /* xiaoshi_06.png in Resources */,
				E77950E71BAE5E5D00394B88 /* xiaoshi_02.png in Resources */,
				E77950DA1BAE5E5D00394B88 /* mifan_05.png in Resources */,
				E77950E31BAE5E5D00394B88 /* pizza_07.png in Resources */,
				E77950E21BAE5E5D00394B88 /* pizza_06.png in Resources */,
				E77950D91BAE5E5D00394B88 /* mifan_04.png in Resources */,
				E77950D71BAE5E5D00394B88 /* mifan_02.png in Resources */,
				E77950F31BAEDF2300394B88 /* addImage@2x.png in Resources */,
				E77950DD1BAE5E5D00394B88 /* pizza_01.png in Resources */,
				E77950DC1BAE5E5D00394B88 /* mifan_07.png in Resources */,
				E77950E61BAE5E5D00394B88 /* xiaoshi_01.png in Resources */,
				E77950D61BAE5E5D00394B88 /* mifan_01.png in Resources */,
				E77950D81BAE5E5D00394B88 /* mifan_03.png in Resources */,
				E77950D41BAE5E5D00394B88 /* mian_04.png in Resources */,
				E70F62FA1BADA5F0001DCC63 /* Images.xcassets in Resources */,
				E77950D51BAE5E5D00394B88 /* mian_05.png in Resources */,
				E77950F41BAEDF2300394B88 /* minusImage@2x.png in Resources */,
				E77950B31BAE570C00394B88 /* DataPlist.plist in Resources */,
				E77950EC1BAE5E5D00394B88 /* xiaoshi_07.png in Resources */,
				E77950DE1BAE5E5D00394B88 /* pizza_02.png in Resources */,
				E77950E11BAE5E5D00394B88 /* pizza_05.png in Resources */,
				E77950D11BAE5E5D00394B88 /* mian_01.png in Resources */,
			);
			runOnlyForDeploymentPostprocessing = 0;
		};
		E70F63001BADA5F0001DCC63 /* Resources */ = {
			isa = PBXResourcesBuildPhase;
			buildActionMask = 2147483647;
			files = (
			);
			runOnlyForDeploymentPostprocessing = 0;
		};
/* End PBXResourcesBuildPhase section */

/* Begin PBXSourcesBuildPhase section */
		E70F62E51BADA5F0001DCC63 /* Sources */ = {
			isa = PBXSourcesBuildPhase;
			buildActionMask = 2147483647;
			files = (
				E70F62F21BADA5F0001DCC63 /* AppDelegate.m in Sources */,
				E77950EF1BAE6A9300394B88 /* DataModel.m in Sources */,
				E70F633B1BADAB22001DCC63 /* MenuResultCell.m in Sources */,
				E70F632F1BADAA1B001DCC63 /* ZNLeftNavView.m in Sources */,
				E70F63381BADAB0A001DCC63 /* MenuNavCell.m in Sources */,
				E70F62EF1BADA5F0001DCC63 /* main.m in Sources */,
				E70F63281BADA95A001DCC63 /* ZNViewController.m in Sources */,
				E70F63321BADAA2D001DCC63 /* ZNRightResultView.m in Sources */,
			);
			runOnlyForDeploymentPostprocessing = 0;
		};
		E70F62FE1BADA5F0001DCC63 /* Sources */ = {
			isa = PBXSourcesBuildPhase;
			buildActionMask = 2147483647;
			files = (
				E70F63091BADA5F0001DCC63 /* ZNLevelMenuDemoTests.m in Sources */,
			);
			runOnlyForDeploymentPostprocessing = 0;
		};
/* End PBXSourcesBuildPhase section */

/* Begin PBXTargetDependency section */
		E70F63041BADA5F0001DCC63 /* PBXTargetDependency */ = {
			isa = PBXTargetDependency;
			target = E70F62E81BADA5F0001DCC63 /* ZNLevelMenuDemo */;
			targetProxy = E70F63031BADA5F0001DCC63 /* PBXContainerItemProxy */;
		};
/* End PBXTargetDependency section */

/* Begin XCBuildConfiguration section */
		E70F630A1BADA5F0001DCC63 /* Debug */ = {
			isa = XCBuildConfiguration;
			buildSettings = {
				ALWAYS_SEARCH_USER_PATHS = NO;
				CLANG_CXX_LANGUAGE_STANDARD = "gnu++0x";
				CLANG_CXX_LIBRARY = "libc++";
				CLANG_ENABLE_MODULES = YES;
				CLANG_ENABLE_OBJC_ARC = YES;
				CLANG_WARN_BOOL_CONVERSION = YES;
				CLANG_WARN_CONSTANT_CONVERSION = YES;
				CLANG_WARN_DIRECT_OBJC_ISA_USAGE = YES_ERROR;
				CLANG_WARN_EMPTY_BODY = YES;
				CLANG_WARN_ENUM_CONVERSION = YES;
				CLANG_WARN_INT_CONVERSION = YES;
				CLANG_WARN_OBJC_ROOT_CLASS = YES_ERROR;
				CLANG_WARN_UNREACHABLE_CODE = YES;
				CLANG_WARN__DUPLICATE_METHOD_MATCH = YES;
				"CODE_SIGN_IDENTITY[sdk=iphoneos*]" = "iPhone Developer";
				COPY_PHASE_STRIP = NO;
				DEBUG_INFORMATION_FORMAT = "dwarf-with-dsym";
				ENABLE_STRICT_OBJC_MSGSEND = YES;
				GCC_C_LANGUAGE_STANDARD = gnu99;
				GCC_DYNAMIC_NO_PIC = NO;
				GCC_NO_COMMON_BLOCKS = YES;
				GCC_OPTIMIZATION_LEVEL = 0;
				GCC_PREPROCESSOR_DEFINITIONS = (
					"DEBUG=1",
					"$(inherited)",
				);
				GCC_SYMBOLS_PRIVATE_EXTERN = NO;
				GCC_WARN_64_TO_32_BIT_CONVERSION = YES;
				GCC_WARN_ABOUT_RETURN_TYPE = YES_ERROR;
				GCC_WARN_UNDECLARED_SELECTOR = YES;
				GCC_WARN_UNINITIALIZED_AUTOS = YES_AGGRESSIVE;
				GCC_WARN_UNUSED_FUNCTION = YES;
				GCC_WARN_UNUSED_VARIABLE = YES;
				IPHONEOS_DEPLOYMENT_TARGET = 8.4;
				MTL_ENABLE_DEBUG_INFO = YES;
				ONLY_ACTIVE_ARCH = YES;
				SDKROOT = iphoneos;
				TARGETED_DEVICE_FAMILY = "1,2";
			};
			name = Debug;
		};
		E70F630B1BADA5F0001DCC63 /* Release */ = {
			isa = XCBuildConfiguration;
			buildSettings = {
				ALWAYS_SEARCH_USER_PATHS = NO;
				CLANG_CXX_LANGUAGE_STANDARD = "gnu++0x";
				CLANG_CXX_LIBRARY = "libc++";
				CLANG_ENABLE_MODULES = YES;
				CLANG_ENABLE_OBJC_ARC = YES;
				CLANG_WARN_BOOL_CONVERSION = YES;
				CLANG_WARN_CONSTANT_CONVERSION = YES;
				CLANG_WARN_DIRECT_OBJC_ISA_USAGE = YES_ERROR;
				CLANG_WARN_EMPTY_BODY = YES;
				CLANG_WARN_ENUM_CONVERSION = YES;
				CLANG_WARN_INT_CONVERSION = YES;
				CLANG_WARN_OBJC_ROOT_CLASS = YES_ERROR;
				CLANG_WARN_UNREACHABLE_CODE = YES;
				CLANG_WARN__DUPLICATE_METHOD_MATCH = YES;
				"CODE_SIGN_IDENTITY[sdk=iphoneos*]" = "iPhone Developer";
				COPY_PHASE_STRIP = NO;
				DEBUG_INFORMATION_FORMAT = "dwarf-with-dsym";
				ENABLE_NS_ASSERTIONS = NO;
				ENABLE_STRICT_OBJC_MSGSEND = YES;
				GCC_C_LANGUAGE_STANDARD = gnu99;
				GCC_NO_COMMON_BLOCKS = YES;
				GCC_WARN_64_TO_32_BIT_CONVERSION = YES;
				GCC_WARN_ABOUT_RETURN_TYPE = YES_ERROR;
				GCC_WARN_UNDECLARED_SELECTOR = YES;
				GCC_WARN_UNINITIALIZED_AUTOS = YES_AGGRESSIVE;
				GCC_WARN_UNUSED_FUNCTION = YES;
				GCC_WARN_UNUSED_VARIABLE = YES;
				IPHONEOS_DEPLOYMENT_TARGET = 8.4;
				MTL_ENABLE_DEBUG_INFO = NO;
				SDKROOT = iphoneos;
				TARGETED_DEVICE_FAMILY = "1,2";
				VALIDATE_PRODUCT = YES;
			};
			name = Release;
		};
		E70F630D1BADA5F0001DCC63 /* Debug */ = {
			isa = XCBuildConfiguration;
			buildSettings = {
				ASSETCATALOG_COMPILER_APPICON_NAME = AppIcon;
				ASSETCATALOG_COMPILER_LAUNCHIMAGE_NAME = LaunchImage;
				INFOPLIST_FILE = ZNLevelMenuDemo/Info.plist;
				LD_RUNPATH_SEARCH_PATHS = "$(inherited) @executable_path/Frameworks";
				PRODUCT_NAME = "$(TARGET_NAME)";
			};
			name = Debug;
		};
		E70F630E1BADA5F0001DCC63 /* Release */ = {
			isa = XCBuildConfiguration;
			buildSettings = {
				ASSETCATALOG_COMPILER_APPICON_NAME = AppIcon;
				ASSETCATALOG_COMPILER_LAUNCHIMAGE_NAME = LaunchImage;
				INFOPLIST_FILE = ZNLevelMenuDemo/Info.plist;
				LD_RUNPATH_SEARCH_PATHS = "$(inherited) @executable_path/Frameworks";
				PRODUCT_NAME = "$(TARGET_NAME)";
			};
			name = Release;
		};
		E70F63101BADA5F0001DCC63 /* Debug */ = {
			isa = XCBuildConfiguration;
			buildSettings = {
				BUNDLE_LOADER = "$(TEST_HOST)";
				FRAMEWORK_SEARCH_PATHS = (
					"$(SDKROOT)/Developer/Library/Frameworks",
					"$(inherited)",
				);
				GCC_PREPROCESSOR_DEFINITIONS = (
					"DEBUG=1",
					"$(inherited)",
				);
				INFOPLIST_FILE = ZNLevelMenuDemoTests/Info.plist;
				LD_RUNPATH_SEARCH_PATHS = "$(inherited) @executable_path/Frameworks @loader_path/Frameworks";
				PRODUCT_NAME = "$(TARGET_NAME)";
				TEST_HOST = "$(BUILT_PRODUCTS_DIR)/ZNLevelMenuDemo.app/ZNLevelMenuDemo";
			};
			name = Debug;
		};
		E70F63111BADA5F0001DCC63 /* Release */ = {
			isa = XCBuildConfiguration;
			buildSettings = {
				BUNDLE_LOADER = "$(TEST_HOST)";
				FRAMEWORK_SEARCH_PATHS = (
					"$(SDKROOT)/Developer/Library/Frameworks",
					"$(inherited)",
				);
				INFOPLIST_FILE = ZNLevelMenuDemoTests/Info.plist;
				LD_RUNPATH_SEARCH_PATHS = "$(inherited) @executable_path/Frameworks @loader_path/Frameworks";
				PRODUCT_NAME = "$(TARGET_NAME)";
				TEST_HOST = "$(BUILT_PRODUCTS_DIR)/ZNLevelMenuDemo.app/ZNLevelMenuDemo";
			};
			name = Release;
		};
/* End XCBuildConfiguration section */

/* Begin XCConfigurationList section */
		E70F62E41BADA5F0001DCC63 /* Build configuration list for PBXProject "ZNLevelMenuDemo" */ = {
			isa = XCConfigurationList;
			buildConfigurations = (
				E70F630A1BADA5F0001DCC63 /* Debug */,
				E70F630B1BADA5F0001DCC63 /* Release */,
			);
			defaultConfigurationIsVisible = 0;
			defaultConfigurationName = Release;
		};
		E70F630C1BADA5F0001DCC63 /* Build configuration list for PBXNativeTarget "ZNLevelMenuDemo" */ = {
			isa = XCConfigurationList;
			buildConfigurations = (
				E70F630D1BADA5F0001DCC63 /* Debug */,
				E70F630E1BADA5F0001DCC63 /* Release */,
			);
			defaultConfigurationIsVisible = 0;
			defaultConfigurationName = Release;
		};
		E70F630F1BADA5F0001DCC63 /* Build configuration list for PBXNativeTarget "ZNLevelMenuDemoTests" */ = {
			isa = XCConfigurationList;
			buildConfigurations = (
				E70F63101BADA5F0001DCC63 /* Debug */,
				E70F63111BADA5F0001DCC63 /* Release */,
			);
			defaultConfigurationIsVisible = 0;
			defaultConfigurationName = Release;
		};
/* End XCConfigurationList section */
	};
	rootObject = E70F62E11BADA5F0001DCC63 /* Project object */;
}
